// !$*UTF8*$!
{
	archiveVersion = 1;
	classes = {
	};
	objectVersion = 55;
	objects = {

/* Begin PBXBuildFile section */
		840FB96C2BFC026600A491C2 /* FirebaseAnalytics in Frameworks */ = {isa = PBXBuildFile; productRef = 840FB96B2BFC026600A491C2 /* FirebaseAnalytics */; };
		840FB96E2BFC026600A491C2 /* FirebaseAuth in Frameworks */ = {isa = PBXBuildFile; productRef = 840FB96D2BFC026600A491C2 /* FirebaseAuth */; };
		840FB9702BFC026600A491C2 /* FirebaseDatabase in Frameworks */ = {isa = PBXBuildFile; productRef = 840FB96F2BFC026600A491C2 /* FirebaseDatabase */; };
		840FB9722BFC026600A491C2 /* FirebaseStorage in Frameworks */ = {isa = PBXBuildFile; productRef = 840FB9712BFC026600A491C2 /* FirebaseStorage */; };
		840FB9782BFC0AAF00A491C2 /* pers.jpeg in Resources */ = {isa = PBXBuildFile; fileRef = 840FB9772BFC0AAF00A491C2 /* pers.jpeg */; };
		840FB97A2BFC0C0F00A491C2 /* profile.png in Resources */ = {isa = PBXBuildFile; fileRef = 840FB9792BFC0C0E00A491C2 /* profile.png */; };
		84A2FAE72BFBF85E004785C9 /* AppDelegate.swift in Sources */ = {isa = PBXBuildFile; fileRef = 84A2FAE62BFBF85E004785C9 /* AppDelegate.swift */; };
		84A2FAE92BFBF85E004785C9 /* SceneDelegate.swift in Sources */ = {isa = PBXBuildFile; fileRef = 84A2FAE82BFBF85E004785C9 /* SceneDelegate.swift */; };
		84A2FAEB2BFBF85E004785C9 /* iniciarSesionViewController.swift in Sources */ = {isa = PBXBuildFile; fileRef = 84A2FAEA2BFBF85E004785C9 /* iniciarSesionViewController.swift */; };
		84A2FAEE2BFBF85E004785C9 /* Main.storyboard in Resources */ = {isa = PBXBuildFile; fileRef = 84A2FAEC2BFBF85E004785C9 /* Main.storyboard */; };
		84A2FAF02BFBF864004785C9 /* Assets.xcassets in Resources */ = {isa = PBXBuildFile; fileRef = 84A2FAEF2BFBF864004785C9 /* Assets.xcassets */; };
		84A2FAF32BFBF864004785C9 /* LaunchScreen.storyboard in Resources */ = {isa = PBXBuildFile; fileRef = 84A2FAF12BFBF864004785C9 /* LaunchScreen.storyboard */; };
		84AA79392C01276200C2157B /* google.png in Resources */ = {isa = PBXBuildFile; fileRef = 84AA79382C01276200C2157B /* google.png */; };
		84AA793B2C012B7700C2157B /* GoogleService-Info.plist in Resources */ = {isa = PBXBuildFile; fileRef = 84AA793A2C012B7600C2157B /* GoogleService-Info.plist */; };
/* End PBXBuildFile section */

/* Begin PBXFileReference section */
		840FB9772BFC0AAF00A491C2 /* pers.jpeg */ = {isa = PBXFileReference; lastKnownFileType = image.jpeg; path = pers.jpeg; sourceTree = "<group>"; };
		840FB9792BFC0C0E00A491C2 /* profile.png */ = {isa = PBXFileReference; lastKnownFileType = image.png; path = profile.png; sourceTree = "<group>"; };
		84A2FAE32BFBF85E004785C9 /* FloresSnapchat.app */ = {isa = PBXFileReference; explicitFileType = wrapper.application; includeInIndex = 0; path = FloresSnapchat.app; sourceTree = BUILT_PRODUCTS_DIR; };
		84A2FAE62BFBF85E004785C9 /* AppDelegate.swift */ = {isa = PBXFileReference; lastKnownFileType = sourcecode.swift; path = AppDelegate.swift; sourceTree = "<group>"; };
		84A2FAE82BFBF85E004785C9 /* SceneDelegate.swift */ = {isa = PBXFileReference; lastKnownFileType = sourcecode.swift; path = SceneDelegate.swift; sourceTree = "<group>"; };
		84A2FAEA2BFBF85E004785C9 /* iniciarSesionViewController.swift */ = {isa = PBXFileReference; lastKnownFileType = sourcecode.swift; path = iniciarSesionViewController.swift; sourceTree = "<group>"; };
		84A2FAED2BFBF85E004785C9 /* Base */ = {isa = PBXFileReference; lastKnownFileType = file.storyboard; name = Base; path = Base.lproj/Main.storyboard; sourceTree = "<group>"; };
		84A2FAEF2BFBF864004785C9 /* Assets.xcassets */ = {isa = PBXFileReference; lastKnownFileType = folder.assetcatalog; path = Assets.xcassets; sourceTree = "<group>"; };
		84A2FAF22BFBF864004785C9 /* Base */ = {isa = PBXFileReference; lastKnownFileType = file.storyboard; name = Base; path = Base.lproj/LaunchScreen.storyboard; sourceTree = "<group>"; };
		84A2FAF42BFBF864004785C9 /* Info.plist */ = {isa = PBXFileReference; lastKnownFileType = text.plist.xml; path = Info.plist; sourceTree = "<group>"; };
		84AA79382C01276200C2157B /* google.png */ = {isa = PBXFileReference; lastKnownFileType = image.png; path = google.png; sourceTree = "<group>"; };
		84AA793A2C012B7600C2157B /* GoogleService-Info.plist */ = {isa = PBXFileReference; fileEncoding = 4; lastKnownFileType = text.plist.xml; name = "GoogleService-Info.plist"; path = "../../../../../Downloads/GoogleService-Info.plist"; sourceTree = "<group>"; };
/* End PBXFileReference section */

/* Begin PBXFrameworksBuildPhase section */
		84A2FAE02BFBF85E004785C9 /* Frameworks */ = {
			isa = PBXFrameworksBuildPhase;
			buildActionMask = 2147483647;
			files = (
				840FB9702BFC026600A491C2 /* FirebaseDatabase in Frameworks */,
				840FB9722BFC026600A491C2 /* FirebaseStorage in Frameworks */,
				840FB96C2BFC026600A491C2 /* FirebaseAnalytics in Frameworks */,
				840FB96E2BFC026600A491C2 /* FirebaseAuth in Frameworks */,
			);
			runOnlyForDeploymentPostprocessing = 0;
		};
/* End PBXFrameworksBuildPhase section */

/* Begin PBXGroup section */
		84A2FADA2BFBF85E004785C9 = {
			isa = PBXGroup;
			children = (
				84A2FAE52BFBF85E004785C9 /* FloresSnapchat */,
				84A2FAE42BFBF85E004785C9 /* Products */,
			);
			sourceTree = "<group>";
		};
		84A2FAE42BFBF85E004785C9 /* Products */ = {
			isa = PBXGroup;
			children = (
				84A2FAE32BFBF85E004785C9 /* FloresSnapchat.app */,
			);
			name = Products;
			sourceTree = "<group>";
		};
		84A2FAE52BFBF85E004785C9 /* FloresSnapchat */ = {
			isa = PBXGroup;
			children = (
				84AA793A2C012B7600C2157B /* GoogleService-Info.plist */,
				84A2FAE62BFBF85E004785C9 /* AppDelegate.swift */,
				84A2FAE82BFBF85E004785C9 /* SceneDelegate.swift */,
				84A2FAEA2BFBF85E004785C9 /* iniciarSesionViewController.swift */,
				84A2FAEC2BFBF85E004785C9 /* Main.storyboard */,
				84A2FAEF2BFBF864004785C9 /* Assets.xcassets */,
				84AA79382C01276200C2157B /* google.png */,
				840FB9792BFC0C0E00A491C2 /* profile.png */,
				840FB9772BFC0AAF00A491C2 /* pers.jpeg */,
				84A2FAF12BFBF864004785C9 /* LaunchScreen.storyboard */,
				84A2FAF42BFBF864004785C9 /* Info.plist */,
			);
			path = FloresSnapchat;
			sourceTree = "<group>";
		};
/* End PBXGroup section */

/* Begin PBXNativeTarget section */
		84A2FAE22BFBF85E004785C9 /* FloresSnapchat */ = {
			isa = PBXNativeTarget;
			buildConfigurationList = 84A2FAF72BFBF864004785C9 /* Build configuration list for PBXNativeTarget "FloresSnapchat" */;
			buildPhases = (
				84A2FADF2BFBF85E004785C9 /* Sources */,
				84A2FAE02BFBF85E004785C9 /* Frameworks */,
				84A2FAE12BFBF85E004785C9 /* Resources */,
			);
			buildRules = (
			);
			dependencies = (
			);
			name = FloresSnapchat;
			packageProductDependencies = (
				840FB96B2BFC026600A491C2 /* FirebaseAnalytics */,
				840FB96D2BFC026600A491C2 /* FirebaseAuth */,
				840FB96F2BFC026600A491C2 /* FirebaseDatabase */,
				840FB9712BFC026600A491C2 /* FirebaseStorage */,
			);
			productName = FloresSnapchat;
			productReference = 84A2FAE32BFBF85E004785C9 /* FloresSnapchat.app */;
			productType = "com.apple.product-type.application";
		};
/* End PBXNativeTarget section */

/* Begin PBXProject section */
		84A2FADB2BFBF85E004785C9 /* Project object */ = {
			isa = PBXProject;
			attributes = {
				BuildIndependentTargetsInParallel = 1;
				LastSwiftUpdateCheck = 1340;
				LastUpgradeCheck = 1340;
				TargetAttributes = {
					84A2FAE22BFBF85E004785C9 = {
						CreatedOnToolsVersion = 13.4.1;
					};
				};
			};
			buildConfigurationList = 84A2FADE2BFBF85E004785C9 /* Build configuration list for PBXProject "FloresSnapchat" */;
			compatibilityVersion = "Xcode 13.0";
			developmentRegion = en;
			hasScannedForEncodings = 0;
			knownRegions = (
				en,
				Base,
			);
			mainGroup = 84A2FADA2BFBF85E004785C9;
			packageReferences = (
				840FB96A2BFC026600A491C2 /* XCRemoteSwiftPackageReference "firebase-ios-sdk" */,
			);
			productRefGroup = 84A2FAE42BFBF85E004785C9 /* Products */;
			projectDirPath = "";
			projectRoot = "";
			targets = (
				84A2FAE22BFBF85E004785C9 /* FloresSnapchat */,
			);
		};
/* End PBXProject section */

/* Begin PBXResourcesBuildPhase section */
		84A2FAE12BFBF85E004785C9 /* Resources */ = {
			isa = PBXResourcesBuildPhase;
			buildActionMask = 2147483647;
			files = (
				84A2FAF32BFBF864004785C9 /* LaunchScreen.storyboard in Resources */,
				840FB97A2BFC0C0F00A491C2 /* profile.png in Resources */,
				84A2FAF02BFBF864004785C9 /* Assets.xcassets in Resources */,
				84A2FAEE2BFBF85E004785C9 /* Main.storyboard in Resources */,
				84AA79392C01276200C2157B /* google.png in Resources */,
				840FB9782BFC0AAF00A491C2 /* pers.jpeg in Resources */,
				84AA793B2C012B7700C2157B /* GoogleService-Info.plist in Resources */,
			);
			runOnlyForDeploymentPostprocessing = 0;
		};
/* End PBXResourcesBuildPhase section */

/* Begin PBXSourcesBuildPhase section */
		84A2FADF2BFBF85E004785C9 /* Sources */ = {
			isa = PBXSourcesBuildPhase;
			buildActionMask = 2147483647;
			files = (
				84A2FAEB2BFBF85E004785C9 /* iniciarSesionViewController.swift in Sources */,
				84A2FAE72BFBF85E004785C9 /* AppDelegate.swift in Sources */,
				84A2FAE92BFBF85E004785C9 /* SceneDelegate.swift in Sources */,
			);
			runOnlyForDeploymentPostprocessing = 0;
		};
/* End PBXSourcesBuildPhase section */

/* Begin PBXVariantGroup section */
		84A2FAEC2BFBF85E004785C9 /* Main.storyboard */ = {
			isa = PBXVariantGroup;
			children = (
				84A2FAED2BFBF85E004785C9 /* Base */,
			);
			name = Main.storyboard;
			sourceTree = "<group>";
		};
		84A2FAF12BFBF864004785C9 /* LaunchScreen.storyboard */ = {
			isa = PBXVariantGroup;
			children = (
				84A2FAF22BFBF864004785C9 /* Base */,
			);
			name = LaunchScreen.storyboard;
			sourceTree = "<group>";
		};
/* End PBXVariantGroup section */

/* Begin XCBuildConfiguration section */
		84A2FAF52BFBF864004785C9 /* Debug */ = {
			isa = XCBuildConfiguration;
			buildSettings = {
				ALWAYS_SEARCH_USER_PATHS = NO;
				CLANG_ANALYZER_NONNULL = YES;
				CLANG_ANALYZER_NUMBER_OBJECT_CONVERSION = YES_AGGRESSIVE;
				CLANG_CXX_LANGUAGE_STANDARD = "gnu++17";
				CLANG_ENABLE_MODULES = YES;
				CLANG_ENABLE_OBJC_ARC = YES;
				CLANG_ENABLE_OBJC_WEAK = YES;
				CLANG_WARN_BLOCK_CAPTURE_AUTORELEASING = YES;
				CLANG_WARN_BOOL_CONVERSION = YES;
				CLANG_WARN_COMMA = YES;
				CLANG_WARN_CONSTANT_CONVERSION = YES;
				CLANG_WARN_DEPRECATED_OBJC_IMPLEMENTATIONS = YES;
				CLANG_WARN_DIRECT_OBJC_ISA_USAGE = YES_ERROR;
				CLANG_WARN_DOCUMENTATION_COMMENTS = YES;
				CLANG_WARN_EMPTY_BODY = YES;
				CLANG_WARN_ENUM_CONVERSION = YES;
				CLANG_WARN_INFINITE_RECURSION = YES;
				CLANG_WARN_INT_CONVERSION = YES;
				CLANG_WARN_NON_LITERAL_NULL_CONVERSION = YES;
				CLANG_WARN_OBJC_IMPLICIT_RETAIN_SELF = YES;
				CLANG_WARN_OBJC_LITERAL_CONVERSION = YES;
				CLANG_WARN_OBJC_ROOT_CLASS = YES_ERROR;
				CLANG_WARN_QUOTED_INCLUDE_IN_FRAMEWORK_HEADER = YES;
				CLANG_WARN_RANGE_LOOP_ANALYSIS = YES;
				CLANG_WARN_STRICT_PROTOTYPES = YES;
				CLANG_WARN_SUSPICIOUS_MOVE = YES;
				CLANG_WARN_UNGUARDED_AVAILABILITY = YES_AGGRESSIVE;
				CLANG_WARN_UNREACHABLE_CODE = YES;
				CLANG_WARN__DUPLICATE_METHOD_MATCH = YES;
				COPY_PHASE_STRIP = NO;
				DEBUG_INFORMATION_FORMAT = dwarf;
				ENABLE_STRICT_OBJC_MSGSEND = YES;
				ENABLE_TESTABILITY = YES;
				GCC_C_LANGUAGE_STANDARD = gnu11;
				GCC_DYNAMIC_NO_PIC = NO;
				GCC_NO_COMMON_BLOCKS = YES;
				GCC_OPTIMIZATION_LEVEL = 0;
				GCC_PREPROCESSOR_DEFINITIONS = (
					"DEBUG=1",
					"$(inherited)",
				);
				GCC_WARN_64_TO_32_BIT_CONVERSION = YES;
				GCC_WARN_ABOUT_RETURN_TYPE = YES_ERROR;
				GCC_WARN_UNDECLARED_SELECTOR = YES;
				GCC_WARN_UNINITIALIZED_AUTOS = YES_AGGRESSIVE;
				GCC_WARN_UNUSED_FUNCTION = YES;
				GCC_WARN_UNUSED_VARIABLE = YES;
				IPHONEOS_DEPLOYMENT_TARGET = 15.5;
				MTL_ENABLE_DEBUG_INFO = INCLUDE_SOURCE;
				MTL_FAST_MATH = YES;
				ONLY_ACTIVE_ARCH = YES;
				SDKROOT = iphoneos;
				SWIFT_ACTIVE_COMPILATION_CONDITIONS = DEBUG;
				SWIFT_OPTIMIZATION_LEVEL = "-Onone";
			};
			name = Debug;
		};
		84A2FAF62BFBF864004785C9 /* Release */ = {
			isa = XCBuildConfiguration;
			buildSettings = {
				ALWAYS_SEARCH_USER_PATHS = NO;
				CLANG_ANALYZER_NONNULL = YES;
				CLANG_ANALYZER_NUMBER_OBJECT_CONVERSION = YES_AGGRESSIVE;
				CLANG_CXX_LANGUAGE_STANDARD = "gnu++17";
				CLANG_ENABLE_MODULES = YES;
				CLANG_ENABLE_OBJC_ARC = YES;
				CLANG_ENABLE_OBJC_WEAK = YES;
				CLANG_WARN_BLOCK_CAPTURE_AUTORELEASING = YES;
				CLANG_WARN_BOOL_CONVERSION = YES;
				CLANG_WARN_COMMA = YES;
				CLANG_WARN_CONSTANT_CONVERSION = YES;
				CLANG_WARN_DEPRECATED_OBJC_IMPLEMENTATIONS = YES;
				CLANG_WARN_DIRECT_OBJC_ISA_USAGE = YES_ERROR;
				CLANG_WARN_DOCUMENTATION_COMMENTS = YES;
				CLANG_WARN_EMPTY_BODY = YES;
				CLANG_WARN_ENUM_CONVERSION = YES;
				CLANG_WARN_INFINITE_RECURSION = YES;
				CLANG_WARN_INT_CONVERSION = YES;
				CLANG_WARN_NON_LITERAL_NULL_CONVERSION = YES;
				CLANG_WARN_OBJC_IMPLICIT_RETAIN_SELF = YES;
				CLANG_WARN_OBJC_LITERAL_CONVERSION = YES;
				CLANG_WARN_OBJC_ROOT_CLASS = YES_ERROR;
				CLANG_WARN_QUOTED_INCLUDE_IN_FRAMEWORK_HEADER = YES;
				CLANG_WARN_RANGE_LOOP_ANALYSIS = YES;
				CLANG_WARN_STRICT_PROTOTYPES = YES;
				CLANG_WARN_SUSPICIOUS_MOVE = YES;
				CLANG_WARN_UNGUARDED_AVAILABILITY = YES_AGGRESSIVE;
				CLANG_WARN_UNREACHABLE_CODE = YES;
				CLANG_WARN__DUPLICATE_METHOD_MATCH = YES;
				COPY_PHASE_STRIP = NO;
				DEBUG_INFORMATION_FORMAT = "dwarf-with-dsym";
				ENABLE_NS_ASSERTIONS = NO;
				ENABLE_STRICT_OBJC_MSGSEND = YES;
				GCC_C_LANGUAGE_STANDARD = gnu11;
				GCC_NO_COMMON_BLOCKS = YES;
				GCC_WARN_64_TO_32_BIT_CONVERSION = YES;
				GCC_WARN_ABOUT_RETURN_TYPE = YES_ERROR;
				GCC_WARN_UNDECLARED_SELECTOR = YES;
				GCC_WARN_UNINITIALIZED_AUTOS = YES_AGGRESSIVE;
				GCC_WARN_UNUSED_FUNCTION = YES;
				GCC_WARN_UNUSED_VARIABLE = YES;
				IPHONEOS_DEPLOYMENT_TARGET = 15.5;
				MTL_ENABLE_DEBUG_INFO = NO;
				MTL_FAST_MATH = YES;
				SDKROOT = iphoneos;
				SWIFT_COMPILATION_MODE = wholemodule;
				SWIFT_OPTIMIZATION_LEVEL = "-O";
				VALIDATE_PRODUCT = YES;
			};
			name = Release;
		};
		84A2FAF82BFBF864004785C9 /* Debug */ = {
			isa = XCBuildConfiguration;
			buildSettings = {
				ASSETCATALOG_COMPILER_APPICON_NAME = AppIcon;
				ASSETCATALOG_COMPILER_GLOBAL_ACCENT_COLOR_NAME = AccentColor;
				CODE_SIGN_STYLE = Automatic;
				CURRENT_PROJECT_VERSION = 1;
				GENERATE_INFOPLIST_FILE = YES;
				INFOPLIST_FILE = FloresSnapchat/Info.plist;
				INFOPLIST_KEY_UIApplicationSupportsIndirectInputEvents = YES;
				INFOPLIST_KEY_UILaunchStoryboardName = LaunchScreen;
				INFOPLIST_KEY_UIMainStoryboardFile = Main;
				INFOPLIST_KEY_UISupportedInterfaceOrientations_iPad = "UIInterfaceOrientationPortrait UIInterfaceOrientationPortraitUpsideDown UIInterfaceOrientationLandscapeLeft UIInterfaceOrientationLandscapeRight";
				INFOPLIST_KEY_UISupportedInterfaceOrientations_iPhone = "UIInterfaceOrientationPortrait UIInterfaceOrientationLandscapeLeft UIInterfaceOrientationLandscapeRight";
				LD_RUNPATH_SEARCH_PATHS = (
					"$(inherited)",
					"@executable_path/Frameworks",
				);
				MARKETING_VERSION = 1.0;
				PRODUCT_BUNDLE_IDENTIFIER = com.miempresa.FloresSnapchat;
				PRODUCT_NAME = "$(TARGET_NAME)";
				SWIFT_EMIT_LOC_STRINGS = YES;
				SWIFT_VERSION = 5.0;
				TARGETED_DEVICE_FAMILY = "1,2";
			};
			name = Debug;
		};
		84A2FAF92BFBF864004785C9 /* Release */ = {
			isa = XCBuildConfiguration;
			buildSettings = {
				ASSETCATALOG_COMPILER_APPICON_NAME = AppIcon;
				ASSETCATALOG_COMPILER_GLOBAL_ACCENT_COLOR_NAME = AccentColor;
				CODE_SIGN_STYLE = Automatic;
				CURRENT_PROJECT_VERSION = 1;
				GENERATE_INFOPLIST_FILE = YES;
				INFOPLIST_FILE = FloresSnapchat/Info.plist;
				INFOPLIST_KEY_UIApplicationSupportsIndirectInputEvents = YES;
				INFOPLIST_KEY_UILaunchStoryboardName = LaunchScreen;
				INFOPLIST_KEY_UIMainStoryboardFile = Main;
				INFOPLIST_KEY_UISupportedInterfaceOrientations_iPad = "UIInterfaceOrientationPortrait UIInterfaceOrientationPortraitUpsideDown UIInterfaceOrientationLandscapeLeft UIInterfaceOrientationLandscapeRight";
				INFOPLIST_KEY_UISupportedInterfaceOrientations_iPhone = "UIInterfaceOrientationPortrait UIInterfaceOrientationLandscapeLeft UIInterfaceOrientationLandscapeRight";
				LD_RUNPATH_SEARCH_PATHS = (
					"$(inherited)",
					"@executable_path/Frameworks",
				);
				MARKETING_VERSION = 1.0;
				PRODUCT_BUNDLE_IDENTIFIER = com.miempresa.FloresSnapchat;
				PRODUCT_NAME = "$(TARGET_NAME)";
				SWIFT_EMIT_LOC_STRINGS = YES;
				SWIFT_VERSION = 5.0;
				TARGETED_DEVICE_FAMILY = "1,2";
			};
			name = Release;
		};
/* End XCBuildConfiguration section */

/* Begin XCConfigurationList section */
		84A2FADE2BFBF85E004785C9 /* Build configuration list for PBXProject "FloresSnapchat" */ = {
			isa = XCConfigurationList;
			buildConfigurations = (
				84A2FAF52BFBF864004785C9 /* Debug */,
				84A2FAF62BFBF864004785C9 /* Release */,
			);
			defaultConfigurationIsVisible = 0;
			defaultConfigurationName = Release;
		};
		84A2FAF72BFBF864004785C9 /* Build configuration list for PBXNativeTarget "FloresSnapchat" */ = {
			isa = XCConfigurationList;
			buildConfigurations = (
				84A2FAF82BFBF864004785C9 /* Debug */,
				84A2FAF92BFBF864004785C9 /* Release */,
			);
			defaultConfigurationIsVisible = 0;
			defaultConfigurationName = Release;
		};
/* End XCConfigurationList section */

/* Begin XCRemoteSwiftPackageReference section */
		840FB96A2BFC026600A491C2 /* XCRemoteSwiftPackageReference "firebase-ios-sdk" */ = {
			isa = XCRemoteSwiftPackageReference;
			repositoryURL = "https://github.com/firebase/firebase-ios-sdk";
			requirement = {
				kind = upToNextMajorVersion;
				minimumVersion = 9.0.0;
			};
		};
/* End XCRemoteSwiftPackageReference section */

/* Begin XCSwiftPackageProductDependency section */
		840FB96B2BFC026600A491C2 /* FirebaseAnalytics */ = {
			isa = XCSwiftPackageProductDependency;
			package = 840FB96A2BFC026600A491C2 /* XCRemoteSwiftPackageReference "firebase-ios-sdk" */;
			productName = FirebaseAnalytics;
		};
		840FB96D2BFC026600A491C2 /* FirebaseAuth */ = {
			isa = XCSwiftPackageProductDependency;
			package = 840FB96A2BFC026600A491C2 /* XCRemoteSwiftPackageReference "firebase-ios-sdk" */;
			productName = FirebaseAuth;
		};
		840FB96F2BFC026600A491C2 /* FirebaseDatabase */ = {
			isa = XCSwiftPackageProductDependency;
			package = 840FB96A2BFC026600A491C2 /* XCRemoteSwiftPackageReference "firebase-ios-sdk" */;
			productName = FirebaseDatabase;
		};
		840FB9712BFC026600A491C2 /* FirebaseStorage */ = {
			isa = XCSwiftPackageProductDependency;
			package = 840FB96A2BFC026600A491C2 /* XCRemoteSwiftPackageReference "firebase-ios-sdk" */;
			productName = FirebaseStorage;
		};
/* End XCSwiftPackageProductDependency section */
	};
	rootObject = 84A2FADB2BFBF85E004785C9 /* Project object */;
}
